// !$*UTF8*$!
{
	archiveVersion = 1;
	classes = {
	};
	objectVersion = 46;
	objects = {

/* Begin PBXBuildFile section */
		567725ED1A6EDB9B00AADF4C /* AppDelegate.swift in Sources */ = {isa = PBXBuildFile; fileRef = 567725EC1A6EDB9B00AADF4C /* AppDelegate.swift */; };
		567725EF1A6EDB9B00AADF4C /* ViewController.swift in Sources */ = {isa = PBXBuildFile; fileRef = 567725EE1A6EDB9B00AADF4C /* ViewController.swift */; };
		567725F21A6EDB9B00AADF4C /* Main.storyboard in Resources */ = {isa = PBXBuildFile; fileRef = 567725F01A6EDB9B00AADF4C /* Main.storyboard */; };
		567725F41A6EDB9B00AADF4C /* Images.xcassets in Resources */ = {isa = PBXBuildFile; fileRef = 567725F31A6EDB9B00AADF4C /* Images.xcassets */; };
		567725F71A6EDB9B00AADF4C /* LaunchScreen.xib in Resources */ = {isa = PBXBuildFile; fileRef = 567725F51A6EDB9B00AADF4C /* LaunchScreen.xib */; };
		567726031A6EDB9B00AADF4C /* PostcardTests.swift in Sources */ = {isa = PBXBuildFile; fileRef = 567726021A6EDB9B00AADF4C /* PostcardTests.swift */; };
/* End PBXBuildFile section */

/* Begin PBXContainerItemProxy section */
		567725FD1A6EDB9B00AADF4C /* PBXContainerItemProxy */ = {
			isa = PBXContainerItemProxy;
			containerPortal = 567725DF1A6EDB9B00AADF4C /* Project object */;
			proxyType = 1;
			remoteGlobalIDString = 567725E61A6EDB9B00AADF4C;
			remoteInfo = Postcard;
		};
/* End PBXContainerItemProxy section */

/* Begin PBXFileReference section */
		567725E71A6EDB9B00AADF4C /* Postcard.app */ = {isa = PBXFileReference; explicitFileType = wrapper.application; includeInIndex = 0; path = Postcard.app; sourceTree = BUILT_PRODUCTS_DIR; };
		567725EB1A6EDB9B00AADF4C /* Info.plist */ = {isa = PBXFileReference; lastKnownFileType = text.plist.xml; path = Info.plist; sourceTree = "<group>"; };
		567725EC1A6EDB9B00AADF4C /* AppDelegate.swift */ = {isa = PBXFileReference; lastKnownFileType = sourcecode.swift; path = AppDelegate.swift; sourceTree = "<group>"; };
		567725EE1A6EDB9B00AADF4C /* ViewController.swift */ = {isa = PBXFileReference; lastKnownFileType = sourcecode.swift; path = ViewController.swift; sourceTree = "<group>"; };
		567725F11A6EDB9B00AADF4C /* Base */ = {isa = PBXFileReference; lastKnownFileType = file.storyboard; name = Base; path = Base.lproj/Main.storyboard; sourceTree = "<group>"; };
		567725F31A6EDB9B00AADF4C /* Images.xcassets */ = {isa = PBXFileReference; lastKnownFileType = folder.assetcatalog; path = Images.xcassets; sourceTree = "<group>"; };
		567725F61A6EDB9B00AADF4C /* Base */ = {isa = PBXFileReference; lastKnownFileType = file.xib; name = Base; path = Base.lproj/LaunchScreen.xib; sourceTree = "<group>"; };
		567725FC1A6EDB9B00AADF4C /* PostcardTests.xctest */ = {isa = PBXFileReference; explicitFileType = wrapper.cfbundle; includeInIndex = 0; path = PostcardTests.xctest; sourceTree = BUILT_PRODUCTS_DIR; };
		567726011A6EDB9B00AADF4C /* Info.plist */ = {isa = PBXFileReference; lastKnownFileType = text.plist.xml; path = Info.plist; sourceTree = "<group>"; };
		567726021A6EDB9B00AADF4C /* PostcardTests.swift */ = {isa = PBXFileReference; lastKnownFileType = sourcecode.swift; path = PostcardTests.swift; sourceTree = "<group>"; };
/* End PBXFileReference section */

/* Begin PBXFrameworksBuildPhase section */
		567725E41A6EDB9B00AADF4C /* Frameworks */ = {
			isa = PBXFrameworksBuildPhase;
			buildActionMask = 2147483647;
			files = (
			);
			runOnlyForDeploymentPostprocessing = 0;
		};
		567725F91A6EDB9B00AADF4C /* Frameworks */ = {
			isa = PBXFrameworksBuildPhase;
			buildActionMask = 2147483647;
			files = (
			);
			runOnlyForDeploymentPostprocessing = 0;
		};
/* End PBXFrameworksBuildPhase section */

/* Begin PBXGroup section */
		567725DE1A6EDB9B00AADF4C = {
			isa = PBXGroup;
			children = (
				567725E91A6EDB9B00AADF4C /* Postcard */,
				567725FF1A6EDB9B00AADF4C /* PostcardTests */,
				567725E81A6EDB9B00AADF4C /* Products */,
			);
			sourceTree = "<group>";
		};
		567725E81A6EDB9B00AADF4C /* Products */ = {
			isa = PBXGroup;
			children = (
				567725E71A6EDB9B00AADF4C /* Postcard.app */,
				567725FC1A6EDB9B00AADF4C /* PostcardTests.xctest */,
			);
			name = Products;
			sourceTree = "<group>";
		};
		567725E91A6EDB9B00AADF4C /* Postcard */ = {
			isa = PBXGroup;
			children = (
				567725EC1A6EDB9B00AADF4C /* AppDelegate.swift */,
				567725EE1A6EDB9B00AADF4C /* ViewController.swift */,
				567725F01A6EDB9B00AADF4C /* Main.storyboard */,
				567725F31A6EDB9B00AADF4C /* Images.xcassets */,
				567725F51A6EDB9B00AADF4C /* LaunchScreen.xib */,
				567725EA1A6EDB9B00AADF4C /* Supporting Files */,
			);
			path = Postcard;
			sourceTree = "<group>";
		};
		567725EA1A6EDB9B00AADF4C /* Supporting Files */ = {
			isa = PBXGroup;
			children = (
				567725EB1A6EDB9B00AADF4C /* Info.plist */,
			);
			name = "Supporting Files";
			sourceTree = "<group>";
		};
		567725FF1A6EDB9B00AADF4C /* PostcardTests */ = {
			isa = PBXGroup;
			children = (
				567726021A6EDB9B00AADF4C /* PostcardTests.swift */,
				567726001A6EDB9B00AADF4C /* Supporting Files */,
			);
			path = PostcardTests;
			sourceTree = "<group>";
		};
		567726001A6EDB9B00AADF4C /* Supporting Files */ = {
			isa = PBXGroup;
			children = (
				567726011A6EDB9B00AADF4C /* Info.plist */,
			);
			name = "Supporting Files";
			sourceTree = "<group>";
		};
/* End PBXGroup section */

/* Begin PBXNativeTarget section */
		567725E61A6EDB9B00AADF4C /* Postcard */ = {
			isa = PBXNativeTarget;
			buildConfigurationList = 567726061A6EDB9B00AADF4C /* Build configuration list for PBXNativeTarget "Postcard" */;
			buildPhases = (
				567725E31A6EDB9B00AADF4C /* Sources */,
				567725E41A6EDB9B00AADF4C /* Frameworks */,
				567725E51A6EDB9B00AADF4C /* Resources */,
			);
			buildRules = (
			);
			dependencies = (
			);
			name = Postcard;
			productName = Postcard;
			productReference = 567725E71A6EDB9B00AADF4C /* Postcard.app */;
			productType = "com.apple.product-type.application";
		};
		567725FB1A6EDB9B00AADF4C /* PostcardTests */ = {
			isa = PBXNativeTarget;
			buildConfigurationList = 567726091A6EDB9B00AADF4C /* Build configuration list for PBXNativeTarget "PostcardTests" */;
			buildPhases = (
				567725F81A6EDB9B00AADF4C /* Sources */,
				567725F91A6EDB9B00AADF4C /* Frameworks */,
				567725FA1A6EDB9B00AADF4C /* Resources */,
			);
			buildRules = (
			);
			dependencies = (
				567725FE1A6EDB9B00AADF4C /* PBXTargetDependency */,
			);
			name = PostcardTests;
			productName = PostcardTests;
			productReference = 567725FC1A6EDB9B00AADF4C /* PostcardTests.xctest */;
			productType = "com.apple.product-type.bundle.unit-test";
		};
/* End PBXNativeTarget section */

/* Begin PBXProject section */
		567725DF1A6EDB9B00AADF4C /* Project object */ = {
			isa = PBXProject;
			attributes = {
				LastUpgradeCheck = 0610;
				ORGANIZATIONNAME = "Charles Curry";
				TargetAttributes = {
					567725E61A6EDB9B00AADF4C = {
						CreatedOnToolsVersion = 6.1.1;
					};
					567725FB1A6EDB9B00AADF4C = {
						CreatedOnToolsVersion = 6.1.1;
						TestTargetID = 567725E61A6EDB9B00AADF4C;
					};
				};
			};
			buildConfigurationList = 567725E21A6EDB9B00AADF4C /* Build configuration list for PBXProject "Postcard" */;
			compatibilityVersion = "Xcode 3.2";
			developmentRegion = English;
			hasScannedForEncodings = 0;
			knownRegions = (
				en,
				Base,
			);
			mainGroup = 567725DE1A6EDB9B00AADF4C;
			productRefGroup = 567725E81A6EDB9B00AADF4C /* Products */;
			projectDirPath = "";
			projectRoot = "";
			targets = (
				567725E61A6EDB9B00AADF4C /* Postcard */,
				567725FB1A6EDB9B00AADF4C /* PostcardTests */,
			);
		};
/* End PBXProject section */

/* Begin PBXResourcesBuildPhase section */
		567725E51A6EDB9B00AADF4C /* Resources */ = {
			isa = PBXResourcesBuildPhase;
			buildActionMask = 2147483647;
			files = (
				567725F21A6EDB9B00AADF4C /* Main.storyboard in Resources */,
				567725F71A6EDB9B00AADF4C /* LaunchScreen.xib in Resources */,
				567725F41A6EDB9B00AADF4C /* Images.xcassets in Resources */,
			);
			runOnlyForDeploymentPostprocessing = 0;
		};
		567725FA1A6EDB9B00AADF4C /* Resources */ = {
			isa = PBXResourcesBuildPhase;
			buildActionMask = 2147483647;
			files = (
			);
			runOnlyForDeploymentPostprocessing = 0;
		};
/* End PBXResourcesBuildPhase section */

/* Begin PBXSourcesBuildPhase section */
		567725E31A6EDB9B00AADF4C /* Sources */ = {
			isa = PBXSourcesBuildPhase;
			buildActionMask = 2147483647;
			files = (
				567725EF1A6EDB9B00AADF4C /* ViewController.swift in Sources */,
				567725ED1A6EDB9B00AADF4C /* AppDelegate.swift in Sources */,
			);
			runOnlyForDeploymentPostprocessing = 0;
		};
		567725F81A6EDB9B00AADF4C /* Sources */ = {
			isa = PBXSourcesBuildPhase;
			buildActionMask = 2147483647;
			files = (
				567726031A6EDB9B00AADF4C /* PostcardTests.swift in Sources */,
			);
			runOnlyForDeploymentPostprocessing = 0;
		};
/* End PBXSourcesBuildPhase section */

/* Begin PBXTargetDependency section */
		567725FE1A6EDB9B00AADF4C /* PBXTargetDependency */ = {
			isa = PBXTargetDependency;
			target = 567725E61A6EDB9B00AADF4C /* Postcard */;
			targetProxy = 567725FD1A6EDB9B00AADF4C /* PBXContainerItemProxy */;
		};
/* End PBXTargetDependency section */

/* Begin PBXVariantGroup section */
		567725F01A6EDB9B00AADF4C /* Main.storyboard */ = {
			isa = PBXVariantGroup;
			children = (
				567725F11A6EDB9B00AADF4C /* Base */,
			);
			name = Main.storyboard;
			sourceTree = "<group>";
		};
		567725F51A6EDB9B00AADF4C /* LaunchScreen.xib */ = {
			isa = PBXVariantGroup;
			children = (
				567725F61A6EDB9B00AADF4C /* Base */,
			);
			name = LaunchScreen.xib;
			sourceTree = "<group>";
		};
/* End PBXVariantGroup section */

/* Begin XCBuildConfiguration section */
		567726041A6EDB9B00AADF4C /* Debug */ = {
			isa = XCBuildConfiguration;
			buildSettings = {
				ALWAYS_SEARCH_USER_PATHS = NO;
				CLANG_CXX_LANGUAGE_STANDARD = "gnu++0x";
				CLANG_CXX_LIBRARY = "libc++";
				CLANG_ENABLE_MODULES = YES;
				CLANG_ENABLE_OBJC_ARC = YES;
				CLANG_WARN_BOOL_CONVERSION = YES;
				CLANG_WARN_CONSTANT_CONVERSION = YES;
				CLANG_WARN_DIRECT_OBJC_ISA_USAGE = YES_ERROR;
				CLANG_WARN_EMPTY_BODY = YES;
				CLANG_WARN_ENUM_CONVERSION = YES;
				CLANG_WARN_INT_CONVERSION = YES;
				CLANG_WARN_OBJC_ROOT_CLASS = YES_ERROR;
				CLANG_WARN_UNREACHABLE_CODE = YES;
				CLANG_WARN__DUPLICATE_METHOD_MATCH = YES;
				"CODE_SIGN_IDENTITY[sdk=iphoneos*]" = "iPhone Developer";
				COPY_PHASE_STRIP = NO;
				ENABLE_STRICT_OBJC_MSGSEND = YES;
				GCC_C_LANGUAGE_STANDARD = gnu99;
				GCC_DYNAMIC_NO_PIC = NO;
				GCC_OPTIMIZATION_LEVEL = 0;
				GCC_PREPROCESSOR_DEFINITIONS = (
					"DEBUG=1",
					"$(inherited)",
				);
				GCC_SYMBOLS_PRIVATE_EXTERN = NO;
				GCC_WARN_64_TO_32_BIT_CONVERSION = YES;
				GCC_WARN_ABOUT_RETURN_TYPE = YES_ERROR;
				GCC_WARN_UNDECLARED_SELECTOR = YES;
				GCC_WARN_UNINITIALIZED_AUTOS = YES_AGGRESSIVE;
				GCC_WARN_UNUSED_FUNCTION = YES;
				GCC_WARN_UNUSED_VARIABLE = YES;
				IPHONEOS_DEPLOYMENT_TARGET = 8.1;
				MTL_ENABLE_DEBUG_INFO = YES;
				ONLY_ACTIVE_ARCH = YES;
				SDKROOT = iphoneos;
				SWIFT_OPTIMIZATION_LEVEL = "-Onone";
				TARGETED_DEVICE_FAMILY = "1,2";
			};
			name = Debug;
		};
		567726051A6EDB9B00AADF4C /* Release */ = {
			isa = XCBuildConfiguration;
			buildSettings = {
				ALWAYS_SEARCH_USER_PATHS = NO;
				CLANG_CXX_LANGUAGE_STANDARD = "gnu++0x";
				CLANG_CXX_LIBRARY = "libc++";
				CLANG_ENABLE_MODULES = YES;
				CLANG_ENABLE_OBJC_ARC = YES;
				CLANG_WARN_BOOL_CONVERSION = YES;
				CLANG_WARN_CONSTANT_CONVERSION = YES;
				CLANG_WARN_DIRECT_OBJC_ISA_USAGE = YES_ERROR;
				CLANG_WARN_EMPTY_BODY = YES;
				CLANG_WARN_ENUM_CONVERSION = YES;
				CLANG_WARN_INT_CONVERSION = YES;
				CLANG_WARN_OBJC_ROOT_CLASS = YES_ERROR;
				CLANG_WARN_UNREACHABLE_CODE = YES;
				CLANG_WARN__DUPLICATE_METHOD_MATCH = YES;
				"CODE_SIGN_IDENTITY[sdk=iphoneos*]" = "iPhone Developer";
				COPY_PHASE_STRIP = YES;
				ENABLE_NS_ASSERTIONS = NO;
				ENABLE_STRICT_OBJC_MSGSEND = YES;
				GCC_C_LANGUAGE_STANDARD = gnu99;
				GCC_WARN_64_TO_32_BIT_CONVERSION = YES;
				GCC_WARN_ABOUT_RETURN_TYPE = YES_ERROR;
				GCC_WARN_UNDECLARED_SELECTOR = YES;
				GCC_WARN_UNINITIALIZED_AUTOS = YES_AGGRESSIVE;
				GCC_WARN_UNUSED_FUNCTION = YES;
				GCC_WARN_UNUSED_VARIABLE = YES;
				IPHONEOS_DEPLOYMENT_TARGET = 8.1;
				MTL_ENABLE_DEBUG_INFO = NO;
				SDKROOT = iphoneos;
				TARGETED_DEVICE_FAMILY = "1,2";
				VALIDATE_PRODUCT = YES;
			};
			name = Release;
		};
		567726071A6EDB9B00AADF4C /* Debug */ = {
			isa = XCBuildConfiguration;
			buildSettings = {
				ASSETCATALOG_COMPILER_APPICON_NAME = AppIcon;
				INFOPLIST_FILE = Postcard/Info.plist;
				LD_RUNPATH_SEARCH_PATHS = "$(inherited) @executable_path/Frameworks";
				PRODUCT_NAME = "$(TARGET_NAME)";
			};
			name = Debug;
		};
		567726081A6EDB9B00AADF4C /* Release */ = {
			isa = XCBuildConfiguration;
			buildSettings = {
				ASSETCATALOG_COMPILER_APPICON_NAME = AppIcon;
				INFOPLIST_FILE = Postcard/Info.plist;
				LD_RUNPATH_SEARCH_PATHS = "$(inherited) @executable_path/Frameworks";
				PRODUCT_NAME = "$(TARGET_NAME)";
			};
			name = Release;
		};
		5677260A1A6EDB9B00AADF4C /* Debug */ = {
			isa = XCBuildConfiguration;
			buildSettings = {
				BUNDLE_LOADER = "$(TEST_HOST)";
				FRAMEWORK_SEARCH_PATHS = (
					"$(SDKROOT)/Developer/Library/Frameworks",
					"$(inherited)",
				);
				GCC_PREPROCESSOR_DEFINITIONS = (
					"DEBUG=1",
					"$(inherited)",
				);
				INFOPLIST_FILE = PostcardTests/Info.plist;
				LD_RUNPATH_SEARCH_PATHS = "$(inherited) @executable_path/Frameworks @loader_path/Frameworks";
				PRODUCT_NAME = "$(TARGET_NAME)";
				TEST_HOST = "$(BUILT_PRODUCTS_DIR)/Postcard.app/Postcard";
			};
			name = Debug;
		};
		5677260B1A6EDB9B00AADF4C /* Release */ = {
			isa = XCBuildConfiguration;
			buildSettings = {
				BUNDLE_LOADER = "$(TEST_HOST)";
				FRAMEWORK_SEARCH_PATHS = (
					"$(SDKROOT)/Developer/Library/Frameworks",
					"$(inherited)",
				);
				INFOPLIST_FILE = PostcardTests/Info.plist;
				LD_RUNPATH_SEARCH_PATHS = "$(inherited) @executable_path/Frameworks @loader_path/Frameworks";
				PRODUCT_NAME = "$(TARGET_NAME)";
				TEST_HOST = "$(BUILT_PRODUCTS_DIR)/Postcard.app/Postcard";
			};
			name = Release;
		};
/* End XCBuildConfiguration section */

/* Begin XCConfigurationList section */
		567725E21A6EDB9B00AADF4C /* Build configuration list for PBXProject "Postcard" */ = {
			isa = XCConfigurationList;
			buildConfigurations = (
				567726041A6EDB9B00AADF4C /* Debug */,
				567726051A6EDB9B00AADF4C /* Release */,
			);
			defaultConfigurationIsVisible = 0;
			defaultConfigurationName = Release;
		};
		567726061A6EDB9B00AADF4C /* Build configuration list for PBXNativeTarget "Postcard" */ = {
			isa = XCConfigurationList;
			buildConfigurations = (
				567726071A6EDB9B00AADF4C /* Debug */,
				567726081A6EDB9B00AADF4C /* Release */,
			);
			defaultConfigurationIsVisible = 0;
		};
		567726091A6EDB9B00AADF4C /* Build configuration list for PBXNativeTarget "PostcardTests" */ = {
			isa = XCConfigurationList;
			buildConfigurations = (
				5677260A1A6EDB9B00AADF4C /* Debug */,
				5677260B1A6EDB9B00AADF4C /* Release */,
			);
			defaultConfigurationIsVisible = 0;
		};
/* End XCConfigurationList section */
	};
	rootObject = 567725DF1A6EDB9B00AADF4C /* Project object */;
}
